
Microsoft Visual Studio Solution File, Format Version 12.00
# Visual Studio Version 16
VisualStudioVersion = 16.0.30717.126
MinimumVisualStudioVersion = 10.0.40219.1
Project("{2150E333-8FDC-42A3-9474-1A3956D46DE8}") = "src", "src", "{6E9844D8-C760-4F27-B69A-53CBCB166BB2}"
EndProject
Project("{9A19103F-16F7-4668-BE54-9A1E7A4F7556}") = "AstormAPI", "src\AstormAPI\AstormAPI.csproj", "{8E5EEBB9-4079-43DE-9F5D-DEFB4E351DCE}"
EndProject
Project("{9A19103F-16F7-4668-BE54-9A1E7A4F7556}") = "AstormChatServer", "src\AstormChatServer\AstormChatServer.csproj", "{9C5735A6-BB19-4F99-A52B-1A83932E4956}"
EndProject
Project("{2150E333-8FDC-42A3-9474-1A3956D46DE8}") = "domain", "domain", "{2FDE083B-8DBC-4324-9197-8AB978B07D88}"
EndProject
Project("{9A19103F-16F7-4668-BE54-9A1E7A4F7556}") = "AstormDomain", "domain\AstormDomain\AstormDomain.csproj", "{DDD4E224-E63D-4D39-A8E1-580C526841D8}"
EndProject
Project("{2150E333-8FDC-42A3-9474-1A3956D46DE8}") = "tests", "tests", "{0F032905-6FEF-4DC7-9A16-AF4B31744468}"
EndProject
Project("{9A19103F-16F7-4668-BE54-9A1E7A4F7556}") = "AstormServerTest", "tests\AstormServerTest\AstormServerTest.csproj", "{253276CC-C9BF-4ED1-9000-675B77E167E2}"
EndProject
Global
	GlobalSection(SolutionConfigurationPlatforms) = preSolution
		Debug|Any CPU = Debug|Any CPU
		Release|Any CPU = Release|Any CPU
	EndGlobalSection
	GlobalSection(ProjectConfigurationPlatforms) = postSolution
		{8E5EEBB9-4079-43DE-9F5D-DEFB4E351DCE}.Debug|Any CPU.ActiveCfg = Debug|Any CPU
		{8E5EEBB9-4079-43DE-9F5D-DEFB4E351DCE}.Debug|Any CPU.Build.0 = Debug|Any CPU
		{8E5EEBB9-4079-43DE-9F5D-DEFB4E351DCE}.Release|Any CPU.ActiveCfg = Release|Any CPU
		{8E5EEBB9-4079-43DE-9F5D-DEFB4E351DCE}.Release|Any CPU.Build.0 = Release|Any CPU
		{9C5735A6-BB19-4F99-A52B-1A83932E4956}.Debug|Any CPU.ActiveCfg = Debug|Any CPU
		{9C5735A6-BB19-4F99-A52B-1A83932E4956}.Debug|Any CPU.Build.0 = Debug|Any CPU
		{9C5735A6-BB19-4F99-A52B-1A83932E4956}.Release|Any CPU.ActiveCfg = Release|Any CPU
		{9C5735A6-BB19-4F99-A52B-1A83932E4956}.Release|Any CPU.Build.0 = Release|Any CPU
		{DDD4E224-E63D-4D39-A8E1-580C526841D8}.Debug|Any CPU.ActiveCfg = Debug|Any CPU
		{DDD4E224-E63D-4D39-A8E1-580C526841D8}.Debug|Any CPU.Build.0 = Debug|Any CPU
		{DDD4E224-E63D-4D39-A8E1-580C526841D8}.Release|Any CPU.ActiveCfg = Release|Any CPU
		{DDD4E224-E63D-4D39-A8E1-580C526841D8}.Release|Any CPU.Build.0 = Release|Any CPU
		{253276CC-C9BF-4ED1-9000-675B77E167E2}.Debug|Any CPU.ActiveCfg = Debug|Any CPU
		{253276CC-C9BF-4ED1-9000-675B77E167E2}.Debug|Any CPU.Build.0 = Debug|Any CPU
		{253276CC-C9BF-4ED1-9000-675B77E167E2}.Release|Any CPU.ActiveCfg = Release|Any CPU
		{253276CC-C9BF-4ED1-9000-675B77E167E2}.Release|Any CPU.Build.0 = Release|Any CPU
	EndGlobalSection
	GlobalSection(SolutionProperties) = preSolution
		HideSolutionNode = FALSE
	EndGlobalSection
	GlobalSection(NestedProjects) = preSolution
		{8E5EEBB9-4079-43DE-9F5D-DEFB4E351DCE} = {6E9844D8-C760-4F27-B69A-53CBCB166BB2}
		{9C5735A6-BB19-4F99-A52B-1A83932E4956} = {6E9844D8-C760-4F27-B69A-53CBCB166BB2}
		{DDD4E224-E63D-4D39-A8E1-580C526841D8} = {2FDE083B-8DBC-4324-9197-8AB978B07D88}
		{253276CC-C9BF-4ED1-9000-675B77E167E2} = {0F032905-6FEF-4DC7-9A16-AF4B31744468}
	EndGlobalSection
	GlobalSection(ExtensibilityGlobals) = postSolution
		SolutionGuid = {CE968BE1-0F5D-4588-BCD7-B8CE8D674946}
	EndGlobalSection
EndGlobal
